{
  "nodes": {
    "nixpkgs": {
      "locked": {
        "lastModified": 1790920529,
        "narHash": "sha256-S5MjznoY0gbQbcANPLz5RYjg+5/WQmFRgNbHcP+ydcg=",
        "rev": "774debe7a0d1b496e35677ad955a1011c6ff74f3",
        "type": "tarball",
        "url": "https://releases.nixos.org/nixos/26.05/nixos-26.05.11045.774debe7a0d1/nixexprs.tar.zst"
      },
      "original": {
        "id": "nixpkgs",
        "ref": "nixos-26.05",
        "type": "indirect"
      }
    },
    "root": {
      "inputs": {
        "nixpkgs": "nixpkgs"
      }
    }
  },
  "root": "root",
  "version": 7
}
